uuid: 1849dac1-e768-4023-ba74-788fe8e3796e
langcode: en
status: true
dependencies:
  module:
    - node
id: node.field_archive_lock
field_name: field_archive_lock
entity_type: node
type: boolean
settings: {  }
module: core
locked: false
cardinality: 1
translatable: true
indexes: {  }
persist_with_no_fields: false
custom_storage: false
