{
  "name": "audiofic_archive_wrangling",
  "version": "1.0.0",
  "lockfileVersion": 3,
  "requires": true,
  "packages": {
    "": {
      "name": "audiofic_archive_wrangling",
      "version": "1.0.0",
      "license": "GPLV3",
      "dependencies": {
        "cytoscape": "^3.33.3"
      }
    },
    "node_modules/cytoscape": {
      "version": "3.33.3",
      "resolved": "https://registry.npmjs.org/cytoscape/-/cytoscape-3.33.3.tgz",
      "integrity": "sha512-Gej7U+OKR+LZ8kvX7rb2HhCYJ0IhvEFsnkud4SB1PR+BUY/TsSO0dmOW59WEVLu51b1Rm+gQRKoz4bLYxGSZ2g==",
      "license": "MIT",
      "engines": {
        "node": ">=0.10"
      }
    }
  }
}
